
Microsoft Visual Studio Solution File, Format Version 12.00
# Visual Studio Version 17
VisualStudioVersion = 17.4.33403.182
MinimumVisualStudioVersion = 10.0.40219.1
Project("{FAE04EC0-301F-11D3-BF4B-00C04F79EFBC}") = "Library Management System", "Library Management System\Library Management System.csproj", "{579A617D-6A40-4F0B-AD66-1F87F480F3BE}"
EndProject
Global
	GlobalSection(SolutionConfigurationPlatforms) = preSolution
		Debug|Any CPU = Debug|Any CPU
		Release|Any CPU = Release|Any CPU
	EndGlobalSection
	GlobalSection(ProjectConfigurationPlatforms) = postSolution
		{579A617D-6A40-4F0B-AD66-1F87F480F3BE}.Debug|Any CPU.ActiveCfg = Debug|Any CPU
		{579A617D-6A40-4F0B-AD66-1F87F480F3BE}.Debug|Any CPU.Build.0 = Debug|Any CPU
		{579A617D-6A40-4F0B-AD66-1F87F480F3BE}.Release|Any CPU.ActiveCfg = Release|Any CPU
		{579A617D-6A40-4F0B-AD66-1F87F480F3BE}.Release|Any CPU.Build.0 = Release|Any CPU
	EndGlobalSection
	GlobalSection(SolutionProperties) = preSolution
		HideSolutionNode = FALSE
	EndGlobalSection
	GlobalSection(ExtensibilityGlobals) = postSolution
		SolutionGuid = {823379F9-F397-4F53-9ACF-DAFE0E3CA97E}
	EndGlobalSection
EndGlobal
